
Microsoft Visual Studio Solution File, Format Version 12.00
# Visual Studio Version 16
VisualStudioVersion = 16.0.30621.155
MinimumVisualStudioVersion = 10.0.40219.1
Project("{FAE04EC0-301F-11D3-BF4B-00C04F79EFBC}") = "GUI", "GUI\GUI.csproj", "{6C6222DB-2C19-4FAA-8651-98A6417F077A}"
EndProject
Global
	GlobalSection(SolutionConfigurationPlatforms) = preSolution
		Debug|Any CPU = Debug|Any CPU
		Release|Any CPU = Release|Any CPU
	EndGlobalSection
	GlobalSection(ProjectConfigurationPlatforms) = postSolution
		{6C6222DB-2C19-4FAA-8651-98A6417F077A}.Debug|Any CPU.ActiveCfg = Debug|Any CPU
		{6C6222DB-2C19-4FAA-8651-98A6417F077A}.Debug|Any CPU.Build.0 = Debug|Any CPU
		{6C6222DB-2C19-4FAA-8651-98A6417F077A}.Release|Any CPU.ActiveCfg = Release|Any CPU
		{6C6222DB-2C19-4FAA-8651-98A6417F077A}.Release|Any CPU.Build.0 = Release|Any CPU
	EndGlobalSection
	GlobalSection(SolutionProperties) = preSolution
		HideSolutionNode = FALSE
	EndGlobalSection
	GlobalSection(ExtensibilityGlobals) = postSolution
		SolutionGuid = {E6E016D7-B0B9-4DD3-982C-C587E0E87CF2}
	EndGlobalSection
EndGlobal
